
Microsoft Visual Studio Solution File, Format Version 12.00
# Visual Studio Version 16
VisualStudioVersion = 16.0.31702.278
MinimumVisualStudioVersion = 10.0.40219.1
Project("{2150E333-8FDC-42A3-9474-1A3956D46DE8}") = "Microservices", "Microservices", "{2D27F08E-F564-443F-81F0-F22CF35CAB66}"
EndProject
Project("{2150E333-8FDC-42A3-9474-1A3956D46DE8}") = "Domain", "Domain", "{7F689125-E460-49A4-B2D5-B6142E850346}"
EndProject
Project("{2150E333-8FDC-42A3-9474-1A3956D46DE8}") = "Infra.Bus", "Infra.Bus", "{D760AD1B-AAD0-441E-8D30-68C04C360B0D}"
EndProject
Project("{2150E333-8FDC-42A3-9474-1A3956D46DE8}") = "Infra.IoC", "Infra.IoC", "{5E719282-CB5F-4EBF-9E61-A258EFB9DA5B}"
EndProject
Project("{2150E333-8FDC-42A3-9474-1A3956D46DE8}") = "Presentation", "Presentation", "{2605FFA5-DEB1-481A-8CA2-93ED29A8A01E}"
EndProject
Project("{FAE04EC0-301F-11D3-BF4B-00C04F79EFBC}") = "MicroRabbit.Domain.Core", "MicroRabbit.Domain.Core\MicroRabbit.Domain.Core.csproj", "{6370FA3E-9A4D-4663-ACF2-11260384DE55}"
EndProject
Project("{FAE04EC0-301F-11D3-BF4B-00C04F79EFBC}") = "MicroRabbit.Infra.Bus", "MicroRabbit.Infra.Bus\MicroRabbit.Infra.Bus.csproj", "{3121786D-EFEE-4655-A5B7-3BE571921021}"
EndProject
Project("{FAE04EC0-301F-11D3-BF4B-00C04F79EFBC}") = "MicroRabbit.Infra.IoC", "MicroRabbit.Infra.IoC\MicroRabbit.Infra.IoC.csproj", "{A5425891-1A4A-49E5-8A13-42B90074AB82}"
EndProject
Project("{2150E333-8FDC-42A3-9474-1A3956D46DE8}") = "Banking", "Banking", "{BF9E95D3-1ECA-4C06-9BD4-01678D399718}"
EndProject
Project("{2150E333-8FDC-42A3-9474-1A3956D46DE8}") = "Api", "Api", "{6AA30BBB-4DE7-4B4C-906E-7CCB50CD760A}"
EndProject
Project("{2150E333-8FDC-42A3-9474-1A3956D46DE8}") = "Domain", "Domain", "{67B3DAA6-D246-4385-9177-B28AF048FE96}"
EndProject
Project("{2150E333-8FDC-42A3-9474-1A3956D46DE8}") = "Application", "Application", "{DD5363C8-4EC5-476F-9A7D-750A8F31300F}"
EndProject
Project("{2150E333-8FDC-42A3-9474-1A3956D46DE8}") = "Data", "Data", "{274FC428-07D2-4389-998E-6077725994AC}"
EndProject
Project("{FAE04EC0-301F-11D3-BF4B-00C04F79EFBC}") = "MicroRabbit.Banking.Api", "MicroRabbit.Banking.Api\MicroRabbit.Banking.Api.csproj", "{A80B9F34-2806-49CE-8D06-A3D656EBE8B9}"
EndProject
Project("{FAE04EC0-301F-11D3-BF4B-00C04F79EFBC}") = "MicroRabbit.Banking.Application", "MicroRabbit.Banking.Application\MicroRabbit.Banking.Application.csproj", "{8CF731CA-7FDD-43D9-AA83-3B42B960D321}"
EndProject
Project("{FAE04EC0-301F-11D3-BF4B-00C04F79EFBC}") = "MicroRabbit.Banking.Data", "MicroRabbit.Banking.Data\MicroRabbit.Banking.Data.csproj", "{B50C5B87-2DAA-4D31-9B9A-27A9930F9E51}"
EndProject
Project("{FAE04EC0-301F-11D3-BF4B-00C04F79EFBC}") = "MicroRabbit.Banking.Domain", "MicroRabbit.Banking.Domain\MicroRabbit.Banking.Domain.csproj", "{E88206B3-5BC1-4B08-A809-AB3D5FC03582}"
EndProject
Global
	GlobalSection(SolutionConfigurationPlatforms) = preSolution
		Debug|Any CPU = Debug|Any CPU
		Release|Any CPU = Release|Any CPU
	EndGlobalSection
	GlobalSection(ProjectConfigurationPlatforms) = postSolution
		{6370FA3E-9A4D-4663-ACF2-11260384DE55}.Debug|Any CPU.ActiveCfg = Debug|Any CPU
		{6370FA3E-9A4D-4663-ACF2-11260384DE55}.Debug|Any CPU.Build.0 = Debug|Any CPU
		{6370FA3E-9A4D-4663-ACF2-11260384DE55}.Release|Any CPU.ActiveCfg = Release|Any CPU
		{6370FA3E-9A4D-4663-ACF2-11260384DE55}.Release|Any CPU.Build.0 = Release|Any CPU
		{3121786D-EFEE-4655-A5B7-3BE571921021}.Debug|Any CPU.ActiveCfg = Debug|Any CPU
		{3121786D-EFEE-4655-A5B7-3BE571921021}.Debug|Any CPU.Build.0 = Debug|Any CPU
		{3121786D-EFEE-4655-A5B7-3BE571921021}.Release|Any CPU.ActiveCfg = Release|Any CPU
		{3121786D-EFEE-4655-A5B7-3BE571921021}.Release|Any CPU.Build.0 = Release|Any CPU
		{A5425891-1A4A-49E5-8A13-42B90074AB82}.Debug|Any CPU.ActiveCfg = Debug|Any CPU
		{A5425891-1A4A-49E5-8A13-42B90074AB82}.Debug|Any CPU.Build.0 = Debug|Any CPU
		{A5425891-1A4A-49E5-8A13-42B90074AB82}.Release|Any CPU.ActiveCfg = Release|Any CPU
		{A5425891-1A4A-49E5-8A13-42B90074AB82}.Release|Any CPU.Build.0 = Release|Any CPU
		{A80B9F34-2806-49CE-8D06-A3D656EBE8B9}.Debug|Any CPU.ActiveCfg = Debug|Any CPU
		{A80B9F34-2806-49CE-8D06-A3D656EBE8B9}.Debug|Any CPU.Build.0 = Debug|Any CPU
		{A80B9F34-2806-49CE-8D06-A3D656EBE8B9}.Release|Any CPU.ActiveCfg = Release|Any CPU
		{A80B9F34-2806-49CE-8D06-A3D656EBE8B9}.Release|Any CPU.Build.0 = Release|Any CPU
		{8CF731CA-7FDD-43D9-AA83-3B42B960D321}.Debug|Any CPU.ActiveCfg = Debug|Any CPU
		{8CF731CA-7FDD-43D9-AA83-3B42B960D321}.Debug|Any CPU.Build.0 = Debug|Any CPU
		{8CF731CA-7FDD-43D9-AA83-3B42B960D321}.Release|Any CPU.ActiveCfg = Release|Any CPU
		{8CF731CA-7FDD-43D9-AA83-3B42B960D321}.Release|Any CPU.Build.0 = Release|Any CPU
		{B50C5B87-2DAA-4D31-9B9A-27A9930F9E51}.Debug|Any CPU.ActiveCfg = Debug|Any CPU
		{B50C5B87-2DAA-4D31-9B9A-27A9930F9E51}.Debug|Any CPU.Build.0 = Debug|Any CPU
		{B50C5B87-2DAA-4D31-9B9A-27A9930F9E51}.Release|Any CPU.ActiveCfg = Release|Any CPU
		{B50C5B87-2DAA-4D31-9B9A-27A9930F9E51}.Release|Any CPU.Build.0 = Release|Any CPU
		{E88206B3-5BC1-4B08-A809-AB3D5FC03582}.Debug|Any CPU.ActiveCfg = Debug|Any CPU
		{E88206B3-5BC1-4B08-A809-AB3D5FC03582}.Debug|Any CPU.Build.0 = Debug|Any CPU
		{E88206B3-5BC1-4B08-A809-AB3D5FC03582}.Release|Any CPU.ActiveCfg = Release|Any CPU
		{E88206B3-5BC1-4B08-A809-AB3D5FC03582}.Release|Any CPU.Build.0 = Release|Any CPU
	EndGlobalSection
	GlobalSection(SolutionProperties) = preSolution
		HideSolutionNode = FALSE
	EndGlobalSection
	GlobalSection(NestedProjects) = preSolution
		{6370FA3E-9A4D-4663-ACF2-11260384DE55} = {7F689125-E460-49A4-B2D5-B6142E850346}
		{3121786D-EFEE-4655-A5B7-3BE571921021} = {D760AD1B-AAD0-441E-8D30-68C04C360B0D}
		{A5425891-1A4A-49E5-8A13-42B90074AB82} = {5E719282-CB5F-4EBF-9E61-A258EFB9DA5B}
		{BF9E95D3-1ECA-4C06-9BD4-01678D399718} = {2D27F08E-F564-443F-81F0-F22CF35CAB66}
		{6AA30BBB-4DE7-4B4C-906E-7CCB50CD760A} = {BF9E95D3-1ECA-4C06-9BD4-01678D399718}
		{67B3DAA6-D246-4385-9177-B28AF048FE96} = {BF9E95D3-1ECA-4C06-9BD4-01678D399718}
		{DD5363C8-4EC5-476F-9A7D-750A8F31300F} = {BF9E95D3-1ECA-4C06-9BD4-01678D399718}
		{274FC428-07D2-4389-998E-6077725994AC} = {BF9E95D3-1ECA-4C06-9BD4-01678D399718}
		{A80B9F34-2806-49CE-8D06-A3D656EBE8B9} = {6AA30BBB-4DE7-4B4C-906E-7CCB50CD760A}
		{8CF731CA-7FDD-43D9-AA83-3B42B960D321} = {DD5363C8-4EC5-476F-9A7D-750A8F31300F}
		{B50C5B87-2DAA-4D31-9B9A-27A9930F9E51} = {274FC428-07D2-4389-998E-6077725994AC}
		{E88206B3-5BC1-4B08-A809-AB3D5FC03582} = {67B3DAA6-D246-4385-9177-B28AF048FE96}
	EndGlobalSection
	GlobalSection(ExtensibilityGlobals) = postSolution
		SolutionGuid = {41403059-5EFF-4915-B1CA-7F2DC92A150F}
	EndGlobalSection
EndGlobal
